
Microsoft Visual Studio Solution File, Format Version 12.00
# Visual Studio 15
VisualStudioVersion = 15.0.26228.73
MinimumVisualStudioVersion = 10.0.40219.1
Project("{8BC9CEB8-8B4A-11D0-8D11-00A0C91BC942}") = "clpconf", "clpconf\clpconf.vcxproj", "{C1527A65-1C9C-4721-8874-11E592AE4C73}"
EndProject
Project("{2150E333-8FDC-42A3-9474-1A3956D46DE8}") = "Solution Items", "Solution Items", "{053AD54F-DB67-467B-BA9B-FCADB43E2225}"
	ProjectSection(SolutionItems) = preProject
		CheatSheet.md = CheatSheet.md
		README.md = README.md
	EndProjectSection
EndProject
Project("{8BC9CEB8-8B4A-11D0-8D11-00A0C91BC942}") = "sample-win-sd-ora", "sample-win-sd-ora\sample-win-sd-ora.vcxproj", "{22657A11-8655-44B0-A98C-5B88062A5581}"
EndProject
Project("{8BC9CEB8-8B4A-11D0-8D11-00A0C91BC942}") = "clpcreate", "clpcreate\clpcreate.vcxproj", "{68BE3499-A7EB-4735-B54F-F629858F05FA}"
EndProject
Global
	GlobalSection(SolutionConfigurationPlatforms) = preSolution
		Debug|x64 = Debug|x64
		Debug|x86 = Debug|x86
		Release|x64 = Release|x64
		Release|x86 = Release|x86
	EndGlobalSection
	GlobalSection(ProjectConfigurationPlatforms) = postSolution
		{C1527A65-1C9C-4721-8874-11E592AE4C73}.Debug|x64.ActiveCfg = Debug|x64
		{C1527A65-1C9C-4721-8874-11E592AE4C73}.Debug|x64.Build.0 = Debug|x64
		{C1527A65-1C9C-4721-8874-11E592AE4C73}.Debug|x86.ActiveCfg = Debug|Win32
		{C1527A65-1C9C-4721-8874-11E592AE4C73}.Debug|x86.Build.0 = Debug|Win32
		{C1527A65-1C9C-4721-8874-11E592AE4C73}.Release|x64.ActiveCfg = Release|x64
		{C1527A65-1C9C-4721-8874-11E592AE4C73}.Release|x64.Build.0 = Release|x64
		{C1527A65-1C9C-4721-8874-11E592AE4C73}.Release|x86.ActiveCfg = Release|Win32
		{C1527A65-1C9C-4721-8874-11E592AE4C73}.Release|x86.Build.0 = Release|Win32
		{22657A11-8655-44B0-A98C-5B88062A5581}.Debug|x64.ActiveCfg = Debug|x64
		{22657A11-8655-44B0-A98C-5B88062A5581}.Debug|x64.Build.0 = Debug|x64
		{22657A11-8655-44B0-A98C-5B88062A5581}.Debug|x86.ActiveCfg = Debug|Win32
		{22657A11-8655-44B0-A98C-5B88062A5581}.Debug|x86.Build.0 = Debug|Win32
		{22657A11-8655-44B0-A98C-5B88062A5581}.Release|x64.ActiveCfg = Release|x64
		{22657A11-8655-44B0-A98C-5B88062A5581}.Release|x64.Build.0 = Release|x64
		{22657A11-8655-44B0-A98C-5B88062A5581}.Release|x86.ActiveCfg = Release|Win32
		{22657A11-8655-44B0-A98C-5B88062A5581}.Release|x86.Build.0 = Release|Win32
		{68BE3499-A7EB-4735-B54F-F629858F05FA}.Debug|x64.ActiveCfg = Debug|x64
		{68BE3499-A7EB-4735-B54F-F629858F05FA}.Debug|x64.Build.0 = Debug|x64
		{68BE3499-A7EB-4735-B54F-F629858F05FA}.Debug|x86.ActiveCfg = Debug|Win32
		{68BE3499-A7EB-4735-B54F-F629858F05FA}.Debug|x86.Build.0 = Debug|Win32
		{68BE3499-A7EB-4735-B54F-F629858F05FA}.Release|x64.ActiveCfg = Release|x64
		{68BE3499-A7EB-4735-B54F-F629858F05FA}.Release|x64.Build.0 = Release|x64
		{68BE3499-A7EB-4735-B54F-F629858F05FA}.Release|x86.ActiveCfg = Release|Win32
		{68BE3499-A7EB-4735-B54F-F629858F05FA}.Release|x86.Build.0 = Release|Win32
	EndGlobalSection
	GlobalSection(SolutionProperties) = preSolution
		HideSolutionNode = FALSE
	EndGlobalSection
	GlobalSection(ExtensibilityGlobals) = postSolution
		SolutionGuid = {E6BC9336-5322-48CA-992A-1A2CF7745474}
	EndGlobalSection
EndGlobal
